// !$*UTF8*$!
{
	archiveVersion = 1;
	classes = {
	};
	objectVersion = 56;
	objects = {

/* Begin PBXBuildFile section */
		AB0693AC2A45EE5F0010ED04 /* HomeTableViewCell.swift in Sources */ = {isa = PBXBuildFile; fileRef = AB0693AB2A45EE5F0010ED04 /* HomeTableViewCell.swift */; };
		AB0693B12A45FB8C0010ED04 /* CardViewController.swift in Sources */ = {isa = PBXBuildFile; fileRef = AB0693B02A45FB8C0010ED04 /* CardViewController.swift */; };
		AB0693B32A4602E00010ED04 /* CardView.swift in Sources */ = {isa = PBXBuildFile; fileRef = AB0693B22A4602E00010ED04 /* CardView.swift */; };
		AB38A5122A45C08600268426 /* AppDelegate.swift in Sources */ = {isa = PBXBuildFile; fileRef = AB38A5112A45C08600268426 /* AppDelegate.swift */; };
		AB38A5162A45C08600268426 /* HomeTableViewController.swift in Sources */ = {isa = PBXBuildFile; fileRef = AB38A5152A45C08600268426 /* HomeTableViewController.swift */; };
		AB38A51C2A45C08600268426 /* Test_Assignment_iOS.xcdatamodeld in Sources */ = {isa = PBXBuildFile; fileRef = AB38A51A2A45C08600268426 /* Test_Assignment_iOS.xcdatamodeld */; };
		AB38A51E2A45C08C00268426 /* Assets.xcassets in Resources */ = {isa = PBXBuildFile; fileRef = AB38A51D2A45C08C00268426 /* Assets.xcassets */; };
		AB38A5212A45C08C00268426 /* LaunchScreen.storyboard in Resources */ = {isa = PBXBuildFile; fileRef = AB38A51F2A45C08C00268426 /* LaunchScreen.storyboard */; };
		AB54E7A22A4729430008FF91 /* Card.swift in Sources */ = {isa = PBXBuildFile; fileRef = AB54E7A12A4729430008FF91 /* Card.swift */; };
		AB54E7A52A4729E40008FF91 /* CardType.swift in Sources */ = {isa = PBXBuildFile; fileRef = AB54E7A42A4729E40008FF91 /* CardType.swift */; };
		AB696AC72A4621F200EB12C2 /* Router.swift in Sources */ = {isa = PBXBuildFile; fileRef = AB696AC62A4621F200EB12C2 /* Router.swift */; };
		AB696AC92A46254800EB12C2 /* HomeTableViewModel.swift in Sources */ = {isa = PBXBuildFile; fileRef = AB696AC82A46254800EB12C2 /* HomeTableViewModel.swift */; };
/* End PBXBuildFile section */

/* Begin PBXFileReference section */
		AB0693AB2A45EE5F0010ED04 /* HomeTableViewCell.swift */ = {isa = PBXFileReference; lastKnownFileType = sourcecode.swift; path = HomeTableViewCell.swift; sourceTree = "<group>"; };
		AB0693B02A45FB8C0010ED04 /* CardViewController.swift */ = {isa = PBXFileReference; lastKnownFileType = sourcecode.swift; path = CardViewController.swift; sourceTree = "<group>"; };
		AB0693B22A4602E00010ED04 /* CardView.swift */ = {isa = PBXFileReference; lastKnownFileType = sourcecode.swift; path = CardView.swift; sourceTree = "<group>"; };
		AB38A50E2A45C08600268426 /* Test-Assignment-iOS.app */ = {isa = PBXFileReference; explicitFileType = wrapper.application; includeInIndex = 0; path = "Test-Assignment-iOS.app"; sourceTree = BUILT_PRODUCTS_DIR; };
		AB38A5112A45C08600268426 /* AppDelegate.swift */ = {isa = PBXFileReference; lastKnownFileType = sourcecode.swift; path = AppDelegate.swift; sourceTree = "<group>"; };
		AB38A5152A45C08600268426 /* HomeTableViewController.swift */ = {isa = PBXFileReference; lastKnownFileType = sourcecode.swift; path = HomeTableViewController.swift; sourceTree = "<group>"; };
		AB38A51B2A45C08600268426 /* Test_Assignment_iOS.xcdatamodel */ = {isa = PBXFileReference; lastKnownFileType = wrapper.xcdatamodel; path = Test_Assignment_iOS.xcdatamodel; sourceTree = "<group>"; };
		AB38A51D2A45C08C00268426 /* Assets.xcassets */ = {isa = PBXFileReference; lastKnownFileType = folder.assetcatalog; path = Assets.xcassets; sourceTree = "<group>"; };
		AB38A5202A45C08C00268426 /* Base */ = {isa = PBXFileReference; lastKnownFileType = file.storyboard; name = Base; path = Base.lproj/LaunchScreen.storyboard; sourceTree = "<group>"; };
		AB38A5222A45C08C00268426 /* Info.plist */ = {isa = PBXFileReference; lastKnownFileType = text.plist.xml; path = Info.plist; sourceTree = "<group>"; };
		AB54E7A12A4729430008FF91 /* Card.swift */ = {isa = PBXFileReference; lastKnownFileType = sourcecode.swift; path = Card.swift; sourceTree = "<group>"; };
		AB54E7A42A4729E40008FF91 /* CardType.swift */ = {isa = PBXFileReference; lastKnownFileType = sourcecode.swift; path = CardType.swift; sourceTree = "<group>"; };
		AB696AC62A4621F200EB12C2 /* Router.swift */ = {isa = PBXFileReference; lastKnownFileType = sourcecode.swift; path = Router.swift; sourceTree = "<group>"; };
		AB696AC82A46254800EB12C2 /* HomeTableViewModel.swift */ = {isa = PBXFileReference; lastKnownFileType = sourcecode.swift; path = HomeTableViewModel.swift; sourceTree = "<group>"; };
/* End PBXFileReference section */

/* Begin PBXFrameworksBuildPhase section */
		AB38A50B2A45C08600268426 /* Frameworks */ = {
			isa = PBXFrameworksBuildPhase;
			buildActionMask = 2147483647;
			files = (
			);
			runOnlyForDeploymentPostprocessing = 0;
		};
/* End PBXFrameworksBuildPhase section */

/* Begin PBXGroup section */
		AB0693AD2A45FB420010ED04 /* HomeScreen */ = {
			isa = PBXGroup;
			children = (
				AB38A5152A45C08600268426 /* HomeTableViewController.swift */,
				AB0693AB2A45EE5F0010ED04 /* HomeTableViewCell.swift */,
				AB696AC82A46254800EB12C2 /* HomeTableViewModel.swift */,
			);
			path = HomeScreen;
			sourceTree = "<group>";
		};
		AB0693AE2A45FB560010ED04 /* Screens */ = {
			isa = PBXGroup;
			children = (
				AB0693AD2A45FB420010ED04 /* HomeScreen */,
				AB0693AF2A45FB5F0010ED04 /* CardScreen */,
			);
			path = Screens;
			sourceTree = "<group>";
		};
		AB0693AF2A45FB5F0010ED04 /* CardScreen */ = {
			isa = PBXGroup;
			children = (
				AB0693B02A45FB8C0010ED04 /* CardViewController.swift */,
				AB0693B22A4602E00010ED04 /* CardView.swift */,
			);
			path = CardScreen;
			sourceTree = "<group>";
		};
		AB38A5052A45C08600268426 = {
			isa = PBXGroup;
			children = (
				AB38A5102A45C08600268426 /* Test-Assignment-iOS */,
				AB38A50F2A45C08600268426 /* Products */,
			);
			sourceTree = "<group>";
		};
		AB38A50F2A45C08600268426 /* Products */ = {
			isa = PBXGroup;
			children = (
				AB38A50E2A45C08600268426 /* Test-Assignment-iOS.app */,
			);
			name = Products;
			sourceTree = "<group>";
		};
		AB38A5102A45C08600268426 /* Test-Assignment-iOS */ = {
			isa = PBXGroup;
			children = (
				AB38A5112A45C08600268426 /* AppDelegate.swift */,
				AB696AC62A4621F200EB12C2 /* Router.swift */,
				AB54E7A32A4729D20008FF91 /* Model */,
				AB0693AE2A45FB560010ED04 /* Screens */,
				AB38A51D2A45C08C00268426 /* Assets.xcassets */,
				AB38A51F2A45C08C00268426 /* LaunchScreen.storyboard */,
				AB38A5222A45C08C00268426 /* Info.plist */,
				AB38A51A2A45C08600268426 /* Test_Assignment_iOS.xcdatamodeld */,
			);
			path = "Test-Assignment-iOS";
			sourceTree = "<group>";
		};
		AB54E7A32A4729D20008FF91 /* Model */ = {
			isa = PBXGroup;
			children = (
				AB54E7A12A4729430008FF91 /* Card.swift */,
				AB54E7A42A4729E40008FF91 /* CardType.swift */,
			);
			path = Model;
			sourceTree = "<group>";
		};
/* End PBXGroup section */

/* Begin PBXNativeTarget section */
		AB38A50D2A45C08600268426 /* Test-Assignment-iOS */ = {
			isa = PBXNativeTarget;
			buildConfigurationList = AB38A5252A45C08C00268426 /* Build configuration list for PBXNativeTarget "Test-Assignment-iOS" */;
			buildPhases = (
				AB38A50A2A45C08600268426 /* Sources */,
				AB38A50B2A45C08600268426 /* Frameworks */,
				AB38A50C2A45C08600268426 /* Resources */,
			);
			buildRules = (
			);
			dependencies = (
			);
			name = "Test-Assignment-iOS";
			productName = "Test-Assignment-iOS";
			productReference = AB38A50E2A45C08600268426 /* Test-Assignment-iOS.app */;
			productType = "com.apple.product-type.application";
		};
/* End PBXNativeTarget section */

/* Begin PBXProject section */
		AB38A5062A45C08600268426 /* Project object */ = {
			isa = PBXProject;
			attributes = {
				BuildIndependentTargetsInParallel = 1;
				LastSwiftUpdateCheck = 1400;
				LastUpgradeCheck = 1400;
				TargetAttributes = {
					AB38A50D2A45C08600268426 = {
						CreatedOnToolsVersion = 14.0.1;
					};
				};
			};
			buildConfigurationList = AB38A5092A45C08600268426 /* Build configuration list for PBXProject "Test-Assignment-iOS" */;
			compatibilityVersion = "Xcode 14.0";
			developmentRegion = en;
			hasScannedForEncodings = 0;
			knownRegions = (
				en,
				Base,
			);
			mainGroup = AB38A5052A45C08600268426;
			productRefGroup = AB38A50F2A45C08600268426 /* Products */;
			projectDirPath = "";
			projectRoot = "";
			targets = (
				AB38A50D2A45C08600268426 /* Test-Assignment-iOS */,
			);
		};
/* End PBXProject section */

/* Begin PBXResourcesBuildPhase section */
		AB38A50C2A45C08600268426 /* Resources */ = {
			isa = PBXResourcesBuildPhase;
			buildActionMask = 2147483647;
			files = (
				AB38A5212A45C08C00268426 /* LaunchScreen.storyboard in Resources */,
				AB38A51E2A45C08C00268426 /* Assets.xcassets in Resources */,
			);
			runOnlyForDeploymentPostprocessing = 0;
		};
/* End PBXResourcesBuildPhase section */

/* Begin PBXSourcesBuildPhase section */
		AB38A50A2A45C08600268426 /* Sources */ = {
			isa = PBXSourcesBuildPhase;
			buildActionMask = 2147483647;
			files = (
				AB696AC72A4621F200EB12C2 /* Router.swift in Sources */,
				AB0693B32A4602E00010ED04 /* CardView.swift in Sources */,
				AB38A51C2A45C08600268426 /* Test_Assignment_iOS.xcdatamodeld in Sources */,
				AB0693AC2A45EE5F0010ED04 /* HomeTableViewCell.swift in Sources */,
				AB696AC92A46254800EB12C2 /* HomeTableViewModel.swift in Sources */,
				AB0693B12A45FB8C0010ED04 /* CardViewController.swift in Sources */,
				AB38A5162A45C08600268426 /* HomeTableViewController.swift in Sources */,
				AB54E7A22A4729430008FF91 /* Card.swift in Sources */,
				AB38A5122A45C08600268426 /* AppDelegate.swift in Sources */,
				AB54E7A52A4729E40008FF91 /* CardType.swift in Sources */,
			);
			runOnlyForDeploymentPostprocessing = 0;
		};
/* End PBXSourcesBuildPhase section */

/* Begin PBXVariantGroup section */
		AB38A51F2A45C08C00268426 /* LaunchScreen.storyboard */ = {
			isa = PBXVariantGroup;
			children = (
				AB38A5202A45C08C00268426 /* Base */,
			);
			name = LaunchScreen.storyboard;
			sourceTree = "<group>";
		};
/* End PBXVariantGroup section */

/* Begin XCBuildConfiguration section */
		AB38A5232A45C08C00268426 /* Debug */ = {
			isa = XCBuildConfiguration;
			buildSettings = {
				ALWAYS_SEARCH_USER_PATHS = NO;
				CLANG_ANALYZER_NONNULL = YES;
				CLANG_ANALYZER_NUMBER_OBJECT_CONVERSION = YES_AGGRESSIVE;
				CLANG_CXX_LANGUAGE_STANDARD = "gnu++20";
				CLANG_ENABLE_MODULES = YES;
				CLANG_ENABLE_OBJC_ARC = YES;
				CLANG_ENABLE_OBJC_WEAK = YES;
				CLANG_WARN_BLOCK_CAPTURE_AUTORELEASING = YES;
				CLANG_WARN_BOOL_CONVERSION = YES;
				CLANG_WARN_COMMA = YES;
				CLANG_WARN_CONSTANT_CONVERSION = YES;
				CLANG_WARN_DEPRECATED_OBJC_IMPLEMENTATIONS = YES;
				CLANG_WARN_DIRECT_OBJC_ISA_USAGE = YES_ERROR;
				CLANG_WARN_DOCUMENTATION_COMMENTS = YES;
				CLANG_WARN_EMPTY_BODY = YES;
				CLANG_WARN_ENUM_CONVERSION = YES;
				CLANG_WARN_INFINITE_RECURSION = YES;
				CLANG_WARN_INT_CONVERSION = YES;
				CLANG_WARN_NON_LITERAL_NULL_CONVERSION = YES;
				CLANG_WARN_OBJC_IMPLICIT_RETAIN_SELF = YES;
				CLANG_WARN_OBJC_LITERAL_CONVERSION = YES;
				CLANG_WARN_OBJC_ROOT_CLASS = YES_ERROR;
				CLANG_WARN_QUOTED_INCLUDE_IN_FRAMEWORK_HEADER = YES;
				CLANG_WARN_RANGE_LOOP_ANALYSIS = YES;
				CLANG_WARN_STRICT_PROTOTYPES = YES;
				CLANG_WARN_SUSPICIOUS_MOVE = YES;
				CLANG_WARN_UNGUARDED_AVAILABILITY = YES_AGGRESSIVE;
				CLANG_WARN_UNREACHABLE_CODE = YES;
				CLANG_WARN__DUPLICATE_METHOD_MATCH = YES;
				COPY_PHASE_STRIP = NO;
				DEBUG_INFORMATION_FORMAT = dwarf;
				ENABLE_STRICT_OBJC_MSGSEND = YES;
				ENABLE_TESTABILITY = YES;
				GCC_C_LANGUAGE_STANDARD = gnu11;
				GCC_DYNAMIC_NO_PIC = NO;
				GCC_NO_COMMON_BLOCKS = YES;
				GCC_OPTIMIZATION_LEVEL = 0;
				GCC_PREPROCESSOR_DEFINITIONS = (
					"DEBUG=1",
					"$(inherited)",
				);
				GCC_WARN_64_TO_32_BIT_CONVERSION = YES;
				GCC_WARN_ABOUT_RETURN_TYPE = YES_ERROR;
				GCC_WARN_UNDECLARED_SELECTOR = YES;
				GCC_WARN_UNINITIALIZED_AUTOS = YES_AGGRESSIVE;
				GCC_WARN_UNUSED_FUNCTION = YES;
				GCC_WARN_UNUSED_VARIABLE = YES;
				IPHONEOS_DEPLOYMENT_TARGET = 16.0;
				MTL_ENABLE_DEBUG_INFO = INCLUDE_SOURCE;
				MTL_FAST_MATH = YES;
				ONLY_ACTIVE_ARCH = YES;
				SDKROOT = iphoneos;
				SWIFT_ACTIVE_COMPILATION_CONDITIONS = DEBUG;
				SWIFT_OPTIMIZATION_LEVEL = "-Onone";
			};
			name = Debug;
		};
		AB38A5242A45C08C00268426 /* Release */ = {
			isa = XCBuildConfiguration;
			buildSettings = {
				ALWAYS_SEARCH_USER_PATHS = NO;
				CLANG_ANALYZER_NONNULL = YES;
				CLANG_ANALYZER_NUMBER_OBJECT_CONVERSION = YES_AGGRESSIVE;
				CLANG_CXX_LANGUAGE_STANDARD = "gnu++20";
				CLANG_ENABLE_MODULES = YES;
				CLANG_ENABLE_OBJC_ARC = YES;
				CLANG_ENABLE_OBJC_WEAK = YES;
				CLANG_WARN_BLOCK_CAPTURE_AUTORELEASING = YES;
				CLANG_WARN_BOOL_CONVERSION = YES;
				CLANG_WARN_COMMA = YES;
				CLANG_WARN_CONSTANT_CONVERSION = YES;
				CLANG_WARN_DEPRECATED_OBJC_IMPLEMENTATIONS = YES;
				CLANG_WARN_DIRECT_OBJC_ISA_USAGE = YES_ERROR;
				CLANG_WARN_DOCUMENTATION_COMMENTS = YES;
				CLANG_WARN_EMPTY_BODY = YES;
				CLANG_WARN_ENUM_CONVERSION = YES;
				CLANG_WARN_INFINITE_RECURSION = YES;
				CLANG_WARN_INT_CONVERSION = YES;
				CLANG_WARN_NON_LITERAL_NULL_CONVERSION = YES;
				CLANG_WARN_OBJC_IMPLICIT_RETAIN_SELF = YES;
				CLANG_WARN_OBJC_LITERAL_CONVERSION = YES;
				CLANG_WARN_OBJC_ROOT_CLASS = YES_ERROR;
				CLANG_WARN_QUOTED_INCLUDE_IN_FRAMEWORK_HEADER = YES;
				CLANG_WARN_RANGE_LOOP_ANALYSIS = YES;
				CLANG_WARN_STRICT_PROTOTYPES = YES;
				CLANG_WARN_SUSPICIOUS_MOVE = YES;
				CLANG_WARN_UNGUARDED_AVAILABILITY = YES_AGGRESSIVE;
				CLANG_WARN_UNREACHABLE_CODE = YES;
				CLANG_WARN__DUPLICATE_METHOD_MATCH = YES;
				COPY_PHASE_STRIP = NO;
				DEBUG_INFORMATION_FORMAT = "dwarf-with-dsym";
				ENABLE_NS_ASSERTIONS = NO;
				ENABLE_STRICT_OBJC_MSGSEND = YES;
				GCC_C_LANGUAGE_STANDARD = gnu11;
				GCC_NO_COMMON_BLOCKS = YES;
				GCC_WARN_64_TO_32_BIT_CONVERSION = YES;
				GCC_WARN_ABOUT_RETURN_TYPE = YES_ERROR;
				GCC_WARN_UNDECLARED_SELECTOR = YES;
				GCC_WARN_UNINITIALIZED_AUTOS = YES_AGGRESSIVE;
				GCC_WARN_UNUSED_FUNCTION = YES;
				GCC_WARN_UNUSED_VARIABLE = YES;
				IPHONEOS_DEPLOYMENT_TARGET = 16.0;
				MTL_ENABLE_DEBUG_INFO = NO;
				MTL_FAST_MATH = YES;
				SDKROOT = iphoneos;
				SWIFT_COMPILATION_MODE = wholemodule;
				SWIFT_OPTIMIZATION_LEVEL = "-O";
				VALIDATE_PRODUCT = YES;
			};
			name = Release;
		};
		AB38A5262A45C08C00268426 /* Debug */ = {
			isa = XCBuildConfiguration;
			buildSettings = {
				ASSETCATALOG_COMPILER_APPICON_NAME = AppIcon;
				ASSETCATALOG_COMPILER_GLOBAL_ACCENT_COLOR_NAME = AccentColor;
				CODE_SIGN_STYLE = Automatic;
				CURRENT_PROJECT_VERSION = 1;
				DEVELOPMENT_TEAM = PF6GCM4LDS;
				GENERATE_INFOPLIST_FILE = YES;
				INFOPLIST_FILE = "Test-Assignment-iOS/Info.plist";
				INFOPLIST_KEY_UIApplicationSupportsIndirectInputEvents = YES;
				INFOPLIST_KEY_UILaunchStoryboardName = LaunchScreen;
				INFOPLIST_KEY_UISupportedInterfaceOrientations = "UIInterfaceOrientationLandscapeLeft UIInterfaceOrientationLandscapeRight UIInterfaceOrientationPortrait";
				INFOPLIST_KEY_UISupportedInterfaceOrientations_iPad = "UIInterfaceOrientationLandscapeLeft UIInterfaceOrientationLandscapeRight UIInterfaceOrientationPortrait UIInterfaceOrientationPortraitUpsideDown";
				IPHONEOS_DEPLOYMENT_TARGET = 11.0;
				LD_RUNPATH_SEARCH_PATHS = (
					"$(inherited)",
					"@executable_path/Frameworks",
				);
				MARKETING_VERSION = 1.0;
				PRODUCT_BUNDLE_IDENTIFIER = "co.petroyurkiv.Test-Assignment-iOS";
				PRODUCT_NAME = "$(TARGET_NAME)";
				SUPPORTED_PLATFORMS = "iphoneos iphonesimulator";
				SUPPORTS_MACCATALYST = NO;
				SUPPORTS_MAC_DESIGNED_FOR_IPHONE_IPAD = YES;
				SWIFT_EMIT_LOC_STRINGS = YES;
				SWIFT_VERSION = 5.0;
				TARGETED_DEVICE_FAMILY = 1;
			};
			name = Debug;
		};
		AB38A5272A45C08C00268426 /* Release */ = {
			isa = XCBuildConfiguration;
			buildSettings = {
				ASSETCATALOG_COMPILER_APPICON_NAME = AppIcon;
				ASSETCATALOG_COMPILER_GLOBAL_ACCENT_COLOR_NAME = AccentColor;
				CODE_SIGN_STYLE = Automatic;
				CURRENT_PROJECT_VERSION = 1;
				DEVELOPMENT_TEAM = PF6GCM4LDS;
				GENERATE_INFOPLIST_FILE = YES;
				INFOPLIST_FILE = "Test-Assignment-iOS/Info.plist";
				INFOPLIST_KEY_UIApplicationSupportsIndirectInputEvents = YES;
				INFOPLIST_KEY_UILaunchStoryboardName = LaunchScreen;
				INFOPLIST_KEY_UISupportedInterfaceOrientations = "UIInterfaceOrientationLandscapeLeft UIInterfaceOrientationLandscapeRight UIInterfaceOrientationPortrait";
				INFOPLIST_KEY_UISupportedInterfaceOrientations_iPad = "UIInterfaceOrientationLandscapeLeft UIInterfaceOrientationLandscapeRight UIInterfaceOrientationPortrait UIInterfaceOrientationPortraitUpsideDown";
				IPHONEOS_DEPLOYMENT_TARGET = 11.0;
				LD_RUNPATH_SEARCH_PATHS = (
					"$(inherited)",
					"@executable_path/Frameworks",
				);
				MARKETING_VERSION = 1.0;
				PRODUCT_BUNDLE_IDENTIFIER = "co.petroyurkiv.Test-Assignment-iOS";
				PRODUCT_NAME = "$(TARGET_NAME)";
				SUPPORTED_PLATFORMS = "iphoneos iphonesimulator";
				SUPPORTS_MACCATALYST = NO;
				SUPPORTS_MAC_DESIGNED_FOR_IPHONE_IPAD = YES;
				SWIFT_EMIT_LOC_STRINGS = YES;
				SWIFT_VERSION = 5.0;
				TARGETED_DEVICE_FAMILY = 1;
			};
			name = Release;
		};
/* End XCBuildConfiguration section */

/* Begin XCConfigurationList section */
		AB38A5092A45C08600268426 /* Build configuration list for PBXProject "Test-Assignment-iOS" */ = {
			isa = XCConfigurationList;
			buildConfigurations = (
				AB38A5232A45C08C00268426 /* Debug */,
				AB38A5242A45C08C00268426 /* Release */,
			);
			defaultConfigurationIsVisible = 0;
			defaultConfigurationName = Release;
		};
		AB38A5252A45C08C00268426 /* Build configuration list for PBXNativeTarget "Test-Assignment-iOS" */ = {
			isa = XCConfigurationList;
			buildConfigurations = (
				AB38A5262A45C08C00268426 /* Debug */,
				AB38A5272A45C08C00268426 /* Release */,
			);
			defaultConfigurationIsVisible = 0;
			defaultConfigurationName = Release;
		};
/* End XCConfigurationList section */

/* Begin XCVersionGroup section */
		AB38A51A2A45C08600268426 /* Test_Assignment_iOS.xcdatamodeld */ = {
			isa = XCVersionGroup;
			children = (
				AB38A51B2A45C08600268426 /* Test_Assignment_iOS.xcdatamodel */,
			);
			currentVersion = AB38A51B2A45C08600268426 /* Test_Assignment_iOS.xcdatamodel */;
			path = Test_Assignment_iOS.xcdatamodeld;
			sourceTree = "<group>";
			versionGroupType = wrapper.xcdatamodel;
		};
/* End XCVersionGroup section */
	};
	rootObject = AB38A5062A45C08600268426 /* Project object */;
}
